
Microsoft Visual Studio Solution File, Format Version 12.00
# Visual Studio Version 16
VisualStudioVersion = 16.0.29411.108
MinimumVisualStudioVersion = 10.0.40219.1
Project("{9A19103F-16F7-4668-BE54-9A1E7A4F7556}") = "PaymentGateway", "PaymentGateway\PaymentGateway.csproj", "{73F57990-A75E-4FC4-9EC3-1BFC581A5006}"
EndProject
Project("{9A19103F-16F7-4668-BE54-9A1E7A4F7556}") = "PaymentGateway.Test.Unit", "PaymentGateway.Test.Unit\PaymentGateway.Test.Unit.csproj", "{C95FBCBE-060A-461E-89CE-CFDFDF9977F4}"
EndProject
Project("{2150E333-8FDC-42A3-9474-1A3956D46DE8}") = "Scripts", "Scripts", "{C69B3D85-2EE6-4575-B893-D6C5A7A70DD6}"
	ProjectSection(SolutionItems) = preProject
		Setup.ps1 = Setup.ps1
	EndProjectSection
EndProject
Global
	GlobalSection(SolutionConfigurationPlatforms) = preSolution
		Debug|Any CPU = Debug|Any CPU
		Release|Any CPU = Release|Any CPU
	EndGlobalSection
	GlobalSection(ProjectConfigurationPlatforms) = postSolution
		{73F57990-A75E-4FC4-9EC3-1BFC581A5006}.Debug|Any CPU.ActiveCfg = Debug|Any CPU
		{73F57990-A75E-4FC4-9EC3-1BFC581A5006}.Debug|Any CPU.Build.0 = Debug|Any CPU
		{73F57990-A75E-4FC4-9EC3-1BFC581A5006}.Release|Any CPU.ActiveCfg = Release|Any CPU
		{73F57990-A75E-4FC4-9EC3-1BFC581A5006}.Release|Any CPU.Build.0 = Release|Any CPU
		{C95FBCBE-060A-461E-89CE-CFDFDF9977F4}.Debug|Any CPU.ActiveCfg = Debug|Any CPU
		{C95FBCBE-060A-461E-89CE-CFDFDF9977F4}.Debug|Any CPU.Build.0 = Debug|Any CPU
		{C95FBCBE-060A-461E-89CE-CFDFDF9977F4}.Release|Any CPU.ActiveCfg = Release|Any CPU
		{C95FBCBE-060A-461E-89CE-CFDFDF9977F4}.Release|Any CPU.Build.0 = Release|Any CPU
	EndGlobalSection
	GlobalSection(SolutionProperties) = preSolution
		HideSolutionNode = FALSE
	EndGlobalSection
	GlobalSection(ExtensibilityGlobals) = postSolution
		SolutionGuid = {320D754B-37A5-47D6-A48E-A305E146C275}
	EndGlobalSection
EndGlobal
